{
  "name": "testing-x5",
  "version": "1.0.0",
  "lockfileVersion": 3,
  "requires": true,
  "packages": {
    "": {
      "name": "testing-x5",
      "version": "1.0.0",
      "license": "ISC",
      "dependencies": {
        "x5-geometry": "^1.0.1"
      },
      "devDependencies": {
        "typescript": "^5.3.3"
      }
    },
    "node_modules/typescript": {
      "version": "5.8.3",
      "resolved": "https://registry.npmjs.org/typescript/-/typescript-5.8.3.tgz",
      "integrity": "sha512-p1diW6TqL9L07nNxvRMM7hMMw4c5XOo/1ibL4aAIGmSAt9slTE1Xgw5KWuof2uTOvCg9BY7ZRi+GaF+7sfgPeQ==",
      "dev": true,
      "license": "Apache-2.0",
      "bin": {
        "tsc": "bin/tsc",
        "tsserver": "bin/tsserver"
      },
      "engines": {
        "node": ">=14.17"
      }
    },
    "node_modules/x5-geometry": {
      "version": "1.0.1",
      "resolved": "https://registry.npmjs.org/x5-geometry/-/x5-geometry-1.0.1.tgz",
      "integrity": "sha512-h7EWxSA6RCv8+moiVZrzFTg14+Fgn3TvLNHbDKHaZMTtX4Di0oOwylGvcgRC0S3jzOUoMm9yL8gATFoB6IPoPw==",
      "license": "MIT"
    }
  }
}
